
Microsoft Visual Studio Solution File, Format Version 12.00
# Visual Studio Version 17
VisualStudioVersion = 17.14.36202.13 d17.14
MinimumVisualStudioVersion = 10.0.40219.1
Project("{FAE04EC0-301F-11D3-BF4B-00C04F79EFBC}") = "PatikaflixDizilerPlatformu", "PatikaflixDizilerPlatformu\PatikaflixDizilerPlatformu.csproj", "{D12D0E1D-2A9B-43FB-868F-3D827937BB69}"
EndProject
Global
	GlobalSection(SolutionConfigurationPlatforms) = preSolution
		Debug|Any CPU = Debug|Any CPU
		Release|Any CPU = Release|Any CPU
	EndGlobalSection
	GlobalSection(ProjectConfigurationPlatforms) = postSolution
		{D12D0E1D-2A9B-43FB-868F-3D827937BB69}.Debug|Any CPU.ActiveCfg = Debug|Any CPU
		{D12D0E1D-2A9B-43FB-868F-3D827937BB69}.Debug|Any CPU.Build.0 = Debug|Any CPU
		{D12D0E1D-2A9B-43FB-868F-3D827937BB69}.Release|Any CPU.ActiveCfg = Release|Any CPU
		{D12D0E1D-2A9B-43FB-868F-3D827937BB69}.Release|Any CPU.Build.0 = Release|Any CPU
	EndGlobalSection
	GlobalSection(SolutionProperties) = preSolution
		HideSolutionNode = FALSE
	EndGlobalSection
	GlobalSection(ExtensibilityGlobals) = postSolution
		SolutionGuid = {EC2A6555-9CC7-40D8-8548-98F868F30CAB}
	EndGlobalSection
EndGlobal
